
Microsoft Visual Studio Solution File, Format Version 12.00
# Visual Studio Version 16
VisualStudioVersion = 16.0.31624.102
MinimumVisualStudioVersion = 10.0.40219.1
Project("{FAE04EC0-301F-11D3-BF4B-00C04F79EFBC}") = "StockMgmt", "StockMgmt\StockMgmt.csproj", "{6B82A9E0-A40E-4597-BF68-836D02C0C13E}"
EndProject
Global
	GlobalSection(SolutionConfigurationPlatforms) = preSolution
		Debug|Any CPU = Debug|Any CPU
		Release|Any CPU = Release|Any CPU
	EndGlobalSection
	GlobalSection(ProjectConfigurationPlatforms) = postSolution
		{6B82A9E0-A40E-4597-BF68-836D02C0C13E}.Debug|Any CPU.ActiveCfg = Debug|Any CPU
		{6B82A9E0-A40E-4597-BF68-836D02C0C13E}.Debug|Any CPU.Build.0 = Debug|Any CPU
		{6B82A9E0-A40E-4597-BF68-836D02C0C13E}.Release|Any CPU.ActiveCfg = Release|Any CPU
		{6B82A9E0-A40E-4597-BF68-836D02C0C13E}.Release|Any CPU.Build.0 = Release|Any CPU
	EndGlobalSection
	GlobalSection(SolutionProperties) = preSolution
		HideSolutionNode = FALSE
	EndGlobalSection
	GlobalSection(ExtensibilityGlobals) = postSolution
		SolutionGuid = {A9F1B0B1-9538-4F85-ACFF-58BF785F4B43}
	EndGlobalSection
EndGlobal
